
Microsoft Visual Studio Solution File, Format Version 12.00
# Visual Studio Version 17
VisualStudioVersion = 17.2.32526.322
MinimumVisualStudioVersion = 10.0.40219.1
Project("{FAE04EC0-301F-11D3-BF4B-00C04F79EFBC}") = "GestionDeStock", "GestionDeStock\GestionDeStock.csproj", "{4EFC9946-E78C-480F-B0A4-F371B5FDDB1D}"
EndProject
Global
	GlobalSection(SolutionConfigurationPlatforms) = preSolution
		Debug|Any CPU = Debug|Any CPU
		Release|Any CPU = Release|Any CPU
	EndGlobalSection
	GlobalSection(ProjectConfigurationPlatforms) = postSolution
		{4EFC9946-E78C-480F-B0A4-F371B5FDDB1D}.Debug|Any CPU.ActiveCfg = Debug|Any CPU
		{4EFC9946-E78C-480F-B0A4-F371B5FDDB1D}.Debug|Any CPU.Build.0 = Debug|Any CPU
		{4EFC9946-E78C-480F-B0A4-F371B5FDDB1D}.Release|Any CPU.ActiveCfg = Release|Any CPU
		{4EFC9946-E78C-480F-B0A4-F371B5FDDB1D}.Release|Any CPU.Build.0 = Release|Any CPU
	EndGlobalSection
	GlobalSection(SolutionProperties) = preSolution
		HideSolutionNode = FALSE
	EndGlobalSection
	GlobalSection(ExtensibilityGlobals) = postSolution
		SolutionGuid = {B9E3777E-01A8-482B-B4A0-BBBB4A250BA7}
	EndGlobalSection
EndGlobal
